
Microsoft Visual Studio Solution File, Format Version 12.00
# Visual Studio Version 17
VisualStudioVersion = 17.12.35527.113 d17.12
MinimumVisualStudioVersion = 10.0.40219.1
Project("{FAE04EC0-301F-11D3-BF4B-00C04F79EFBC}") = "dokploy", "dokploy\dokploy\dokploy.csproj", "{098D4A2D-BDAA-460F-85F0-224636729123}"
EndProject
Project("{FAE04EC0-301F-11D3-BF4B-00C04F79EFBC}") = "dokploy.Client", "dokploy\dokploy.Client\dokploy.Client.csproj", "{3E8EC791-BB73-45F5-B85F-BD55F9D2D11B}"
EndProject
Global
	GlobalSection(SolutionConfigurationPlatforms) = preSolution
		Debug|Any CPU = Debug|Any CPU
		Release|Any CPU = Release|Any CPU
	EndGlobalSection
	GlobalSection(ProjectConfigurationPlatforms) = postSolution
		{098D4A2D-BDAA-460F-85F0-224636729123}.Debug|Any CPU.ActiveCfg = Debug|Any CPU
		{098D4A2D-BDAA-460F-85F0-224636729123}.Debug|Any CPU.Build.0 = Debug|Any CPU
		{098D4A2D-BDAA-460F-85F0-224636729123}.Release|Any CPU.ActiveCfg = Release|Any CPU
		{098D4A2D-BDAA-460F-85F0-224636729123}.Release|Any CPU.Build.0 = Release|Any CPU
		{3E8EC791-BB73-45F5-B85F-BD55F9D2D11B}.Debug|Any CPU.ActiveCfg = Debug|Any CPU
		{3E8EC791-BB73-45F5-B85F-BD55F9D2D11B}.Debug|Any CPU.Build.0 = Debug|Any CPU
		{3E8EC791-BB73-45F5-B85F-BD55F9D2D11B}.Release|Any CPU.ActiveCfg = Release|Any CPU
		{3E8EC791-BB73-45F5-B85F-BD55F9D2D11B}.Release|Any CPU.Build.0 = Release|Any CPU
	EndGlobalSection
	GlobalSection(SolutionProperties) = preSolution
		HideSolutionNode = FALSE
	EndGlobalSection
EndGlobal
